// !$*UTF8*$!
{
	archiveVersion = 1;
	classes = {
	};
	objectVersion = 50;
	objects = {

/* Begin PBXBuildFile section */
		8D0A710022FC02AC006B8A68 /* AppDelegate.swift in Sources */ = {isa = PBXBuildFile; fileRef = 8D0A70FF22FC02AC006B8A68 /* AppDelegate.swift */; };
		8D0A710222FC02AC006B8A68 /* ViewController.swift in Sources */ = {isa = PBXBuildFile; fileRef = 8D0A710122FC02AC006B8A68 /* ViewController.swift */; };
		8D0A710522FC02AC006B8A68 /* Main.storyboard in Resources */ = {isa = PBXBuildFile; fileRef = 8D0A710322FC02AC006B8A68 /* Main.storyboard */; };
		8D0A710722FC02AC006B8A68 /* Assets.xcassets in Resources */ = {isa = PBXBuildFile; fileRef = 8D0A710622FC02AC006B8A68 /* Assets.xcassets */; };
		8D0A710A22FC02AC006B8A68 /* LaunchScreen.storyboard in Resources */ = {isa = PBXBuildFile; fileRef = 8D0A710822FC02AC006B8A68 /* LaunchScreen.storyboard */; };
		8D0A711522FC02AC006B8A68 /* RandomJoke1Tests.swift in Sources */ = {isa = PBXBuildFile; fileRef = 8D0A711422FC02AC006B8A68 /* RandomJoke1Tests.swift */; };
		8D0A712022FC02AC006B8A68 /* RandomJoke1UITests.swift in Sources */ = {isa = PBXBuildFile; fileRef = 8D0A711F22FC02AC006B8A68 /* RandomJoke1UITests.swift */; };
/* End PBXBuildFile section */

/* Begin PBXContainerItemProxy section */
		8D0A711122FC02AC006B8A68 /* PBXContainerItemProxy */ = {
			isa = PBXContainerItemProxy;
			containerPortal = 8D0A70F422FC02AC006B8A68 /* Project object */;
			proxyType = 1;
			remoteGlobalIDString = 8D0A70FB22FC02AC006B8A68;
			remoteInfo = RandomJoke1;
		};
		8D0A711C22FC02AC006B8A68 /* PBXContainerItemProxy */ = {
			isa = PBXContainerItemProxy;
			containerPortal = 8D0A70F422FC02AC006B8A68 /* Project object */;
			proxyType = 1;
			remoteGlobalIDString = 8D0A70FB22FC02AC006B8A68;
			remoteInfo = RandomJoke1;
		};
/* End PBXContainerItemProxy section */

/* Begin PBXFileReference section */
		8D0A70FC22FC02AC006B8A68 /* RandomJoke1.app */ = {isa = PBXFileReference; explicitFileType = wrapper.application; includeInIndex = 0; path = RandomJoke1.app; sourceTree = BUILT_PRODUCTS_DIR; };
		8D0A70FF22FC02AC006B8A68 /* AppDelegate.swift */ = {isa = PBXFileReference; lastKnownFileType = sourcecode.swift; path = AppDelegate.swift; sourceTree = "<group>"; };
		8D0A710122FC02AC006B8A68 /* ViewController.swift */ = {isa = PBXFileReference; lastKnownFileType = sourcecode.swift; path = ViewController.swift; sourceTree = "<group>"; };
		8D0A710422FC02AC006B8A68 /* Base */ = {isa = PBXFileReference; lastKnownFileType = file.storyboard; name = Base; path = Base.lproj/Main.storyboard; sourceTree = "<group>"; };
		8D0A710622FC02AC006B8A68 /* Assets.xcassets */ = {isa = PBXFileReference; lastKnownFileType = folder.assetcatalog; path = Assets.xcassets; sourceTree = "<group>"; };
		8D0A710922FC02AC006B8A68 /* Base */ = {isa = PBXFileReference; lastKnownFileType = file.storyboard; name = Base; path = Base.lproj/LaunchScreen.storyboard; sourceTree = "<group>"; };
		8D0A710B22FC02AC006B8A68 /* Info.plist */ = {isa = PBXFileReference; lastKnownFileType = text.plist.xml; path = Info.plist; sourceTree = "<group>"; };
		8D0A711022FC02AC006B8A68 /* RandomJoke1Tests.xctest */ = {isa = PBXFileReference; explicitFileType = wrapper.cfbundle; includeInIndex = 0; path = RandomJoke1Tests.xctest; sourceTree = BUILT_PRODUCTS_DIR; };
		8D0A711422FC02AC006B8A68 /* RandomJoke1Tests.swift */ = {isa = PBXFileReference; lastKnownFileType = sourcecode.swift; path = RandomJoke1Tests.swift; sourceTree = "<group>"; };
		8D0A711622FC02AC006B8A68 /* Info.plist */ = {isa = PBXFileReference; lastKnownFileType = text.plist.xml; path = Info.plist; sourceTree = "<group>"; };
		8D0A711B22FC02AC006B8A68 /* RandomJoke1UITests.xctest */ = {isa = PBXFileReference; explicitFileType = wrapper.cfbundle; includeInIndex = 0; path = RandomJoke1UITests.xctest; sourceTree = BUILT_PRODUCTS_DIR; };
		8D0A711F22FC02AC006B8A68 /* RandomJoke1UITests.swift */ = {isa = PBXFileReference; lastKnownFileType = sourcecode.swift; path = RandomJoke1UITests.swift; sourceTree = "<group>"; };
		8D0A712122FC02AC006B8A68 /* Info.plist */ = {isa = PBXFileReference; lastKnownFileType = text.plist.xml; path = Info.plist; sourceTree = "<group>"; };
/* End PBXFileReference section */

/* Begin PBXFrameworksBuildPhase section */
		8D0A70F922FC02AC006B8A68 /* Frameworks */ = {
			isa = PBXFrameworksBuildPhase;
			buildActionMask = 2147483647;
			files = (
			);
			runOnlyForDeploymentPostprocessing = 0;
		};
		8D0A710D22FC02AC006B8A68 /* Frameworks */ = {
			isa = PBXFrameworksBuildPhase;
			buildActionMask = 2147483647;
			files = (
			);
			runOnlyForDeploymentPostprocessing = 0;
		};
		8D0A711822FC02AC006B8A68 /* Frameworks */ = {
			isa = PBXFrameworksBuildPhase;
			buildActionMask = 2147483647;
			files = (
			);
			runOnlyForDeploymentPostprocessing = 0;
		};
/* End PBXFrameworksBuildPhase section */

/* Begin PBXGroup section */
		8D0A70F322FC02AC006B8A68 = {
			isa = PBXGroup;
			children = (
				8D0A70FE22FC02AC006B8A68 /* RandomJoke1 */,
				8D0A711322FC02AC006B8A68 /* RandomJoke1Tests */,
				8D0A711E22FC02AC006B8A68 /* RandomJoke1UITests */,
				8D0A70FD22FC02AC006B8A68 /* Products */,
			);
			sourceTree = "<group>";
		};
		8D0A70FD22FC02AC006B8A68 /* Products */ = {
			isa = PBXGroup;
			children = (
				8D0A70FC22FC02AC006B8A68 /* RandomJoke1.app */,
				8D0A711022FC02AC006B8A68 /* RandomJoke1Tests.xctest */,
				8D0A711B22FC02AC006B8A68 /* RandomJoke1UITests.xctest */,
			);
			name = Products;
			sourceTree = "<group>";
		};
		8D0A70FE22FC02AC006B8A68 /* RandomJoke1 */ = {
			isa = PBXGroup;
			children = (
				8D0A70FF22FC02AC006B8A68 /* AppDelegate.swift */,
				8D0A710122FC02AC006B8A68 /* ViewController.swift */,
				8D0A710322FC02AC006B8A68 /* Main.storyboard */,
				8D0A710622FC02AC006B8A68 /* Assets.xcassets */,
				8D0A710822FC02AC006B8A68 /* LaunchScreen.storyboard */,
				8D0A710B22FC02AC006B8A68 /* Info.plist */,
			);
			path = RandomJoke1;
			sourceTree = "<group>";
		};
		8D0A711322FC02AC006B8A68 /* RandomJoke1Tests */ = {
			isa = PBXGroup;
			children = (
				8D0A711422FC02AC006B8A68 /* RandomJoke1Tests.swift */,
				8D0A711622FC02AC006B8A68 /* Info.plist */,
			);
			path = RandomJoke1Tests;
			sourceTree = "<group>";
		};
		8D0A711E22FC02AC006B8A68 /* RandomJoke1UITests */ = {
			isa = PBXGroup;
			children = (
				8D0A711F22FC02AC006B8A68 /* RandomJoke1UITests.swift */,
				8D0A712122FC02AC006B8A68 /* Info.plist */,
			);
			path = RandomJoke1UITests;
			sourceTree = "<group>";
		};
/* End PBXGroup section */

/* Begin PBXNativeTarget section */
		8D0A70FB22FC02AC006B8A68 /* RandomJoke1 */ = {
			isa = PBXNativeTarget;
			buildConfigurationList = 8D0A712422FC02AC006B8A68 /* Build configuration list for PBXNativeTarget "RandomJoke1" */;
			buildPhases = (
				8D0A70F822FC02AC006B8A68 /* Sources */,
				8D0A70F922FC02AC006B8A68 /* Frameworks */,
				8D0A70FA22FC02AC006B8A68 /* Resources */,
			);
			buildRules = (
			);
			dependencies = (
			);
			name = RandomJoke1;
			productName = RandomJoke1;
			productReference = 8D0A70FC22FC02AC006B8A68 /* RandomJoke1.app */;
			productType = "com.apple.product-type.application";
		};
		8D0A710F22FC02AC006B8A68 /* RandomJoke1Tests */ = {
			isa = PBXNativeTarget;
			buildConfigurationList = 8D0A712722FC02AC006B8A68 /* Build configuration list for PBXNativeTarget "RandomJoke1Tests" */;
			buildPhases = (
				8D0A710C22FC02AC006B8A68 /* Sources */,
				8D0A710D22FC02AC006B8A68 /* Frameworks */,
				8D0A710E22FC02AC006B8A68 /* Resources */,
			);
			buildRules = (
			);
			dependencies = (
				8D0A711222FC02AC006B8A68 /* PBXTargetDependency */,
			);
			name = RandomJoke1Tests;
			productName = RandomJoke1Tests;
			productReference = 8D0A711022FC02AC006B8A68 /* RandomJoke1Tests.xctest */;
			productType = "com.apple.product-type.bundle.unit-test";
		};
		8D0A711A22FC02AC006B8A68 /* RandomJoke1UITests */ = {
			isa = PBXNativeTarget;
			buildConfigurationList = 8D0A712A22FC02AC006B8A68 /* Build configuration list for PBXNativeTarget "RandomJoke1UITests" */;
			buildPhases = (
				8D0A711722FC02AC006B8A68 /* Sources */,
				8D0A711822FC02AC006B8A68 /* Frameworks */,
				8D0A711922FC02AC006B8A68 /* Resources */,
			);
			buildRules = (
			);
			dependencies = (
				8D0A711D22FC02AC006B8A68 /* PBXTargetDependency */,
			);
			name = RandomJoke1UITests;
			productName = RandomJoke1UITests;
			productReference = 8D0A711B22FC02AC006B8A68 /* RandomJoke1UITests.xctest */;
			productType = "com.apple.product-type.bundle.ui-testing";
		};
/* End PBXNativeTarget section */

/* Begin PBXProject section */
		8D0A70F422FC02AC006B8A68 /* Project object */ = {
			isa = PBXProject;
			attributes = {
				LastSwiftUpdateCheck = 1020;
				LastUpgradeCheck = 1020;
				ORGANIZATIONNAME = Teerapat;
				TargetAttributes = {
					8D0A70FB22FC02AC006B8A68 = {
						CreatedOnToolsVersion = 10.2.1;
					};
					8D0A710F22FC02AC006B8A68 = {
						CreatedOnToolsVersion = 10.2.1;
						TestTargetID = 8D0A70FB22FC02AC006B8A68;
					};
					8D0A711A22FC02AC006B8A68 = {
						CreatedOnToolsVersion = 10.2.1;
						TestTargetID = 8D0A70FB22FC02AC006B8A68;
					};
				};
			};
			buildConfigurationList = 8D0A70F722FC02AC006B8A68 /* Build configuration list for PBXProject "RandomJoke1" */;
			compatibilityVersion = "Xcode 9.3";
			developmentRegion = en;
			hasScannedForEncodings = 0;
			knownRegions = (
				en,
				Base,
			);
			mainGroup = 8D0A70F322FC02AC006B8A68;
			productRefGroup = 8D0A70FD22FC02AC006B8A68 /* Products */;
			projectDirPath = "";
			projectRoot = "";
			targets = (
				8D0A70FB22FC02AC006B8A68 /* RandomJoke1 */,
				8D0A710F22FC02AC006B8A68 /* RandomJoke1Tests */,
				8D0A711A22FC02AC006B8A68 /* RandomJoke1UITests */,
			);
		};
/* End PBXProject section */

/* Begin PBXResourcesBuildPhase section */
		8D0A70FA22FC02AC006B8A68 /* Resources */ = {
			isa = PBXResourcesBuildPhase;
			buildActionMask = 2147483647;
			files = (
				8D0A710A22FC02AC006B8A68 /* LaunchScreen.storyboard in Resources */,
				8D0A710722FC02AC006B8A68 /* Assets.xcassets in Resources */,
				8D0A710522FC02AC006B8A68 /* Main.storyboard in Resources */,
			);
			runOnlyForDeploymentPostprocessing = 0;
		};
		8D0A710E22FC02AC006B8A68 /* Resources */ = {
			isa = PBXResourcesBuildPhase;
			buildActionMask = 2147483647;
			files = (
			);
			runOnlyForDeploymentPostprocessing = 0;
		};
		8D0A711922FC02AC006B8A68 /* Resources */ = {
			isa = PBXResourcesBuildPhase;
			buildActionMask = 2147483647;
			files = (
			);
			runOnlyForDeploymentPostprocessing = 0;
		};
/* End PBXResourcesBuildPhase section */

/* Begin PBXSourcesBuildPhase section */
		8D0A70F822FC02AC006B8A68 /* Sources */ = {
			isa = PBXSourcesBuildPhase;
			buildActionMask = 2147483647;
			files = (
				8D0A710222FC02AC006B8A68 /* ViewController.swift in Sources */,
				8D0A710022FC02AC006B8A68 /* AppDelegate.swift in Sources */,
			);
			runOnlyForDeploymentPostprocessing = 0;
		};
		8D0A710C22FC02AC006B8A68 /* Sources */ = {
			isa = PBXSourcesBuildPhase;
			buildActionMask = 2147483647;
			files = (
				8D0A711522FC02AC006B8A68 /* RandomJoke1Tests.swift in Sources */,
			);
			runOnlyForDeploymentPostprocessing = 0;
		};
		8D0A711722FC02AC006B8A68 /* Sources */ = {
			isa = PBXSourcesBuildPhase;
			buildActionMask = 2147483647;
			files = (
				8D0A712022FC02AC006B8A68 /* RandomJoke1UITests.swift in Sources */,
			);
			runOnlyForDeploymentPostprocessing = 0;
		};
/* End PBXSourcesBuildPhase section */

/* Begin PBXTargetDependency section */
		8D0A711222FC02AC006B8A68 /* PBXTargetDependency */ = {
			isa = PBXTargetDependency;
			target = 8D0A70FB22FC02AC006B8A68 /* RandomJoke1 */;
			targetProxy = 8D0A711122FC02AC006B8A68 /* PBXContainerItemProxy */;
		};
		8D0A711D22FC02AC006B8A68 /* PBXTargetDependency */ = {
			isa = PBXTargetDependency;
			target = 8D0A70FB22FC02AC006B8A68 /* RandomJoke1 */;
			targetProxy = 8D0A711C22FC02AC006B8A68 /* PBXContainerItemProxy */;
		};
/* End PBXTargetDependency section */

/* Begin PBXVariantGroup section */
		8D0A710322FC02AC006B8A68 /* Main.storyboard */ = {
			isa = PBXVariantGroup;
			children = (
				8D0A710422FC02AC006B8A68 /* Base */,
			);
			name = Main.storyboard;
			sourceTree = "<group>";
		};
		8D0A710822FC02AC006B8A68 /* LaunchScreen.storyboard */ = {
			isa = PBXVariantGroup;
			children = (
				8D0A710922FC02AC006B8A68 /* Base */,
			);
			name = LaunchScreen.storyboard;
			sourceTree = "<group>";
		};
/* End PBXVariantGroup section */

/* Begin XCBuildConfiguration section */
		8D0A712222FC02AC006B8A68 /* Debug */ = {
			isa = XCBuildConfiguration;
			buildSettings = {
				ALWAYS_SEARCH_USER_PATHS = NO;
				CLANG_ANALYZER_NONNULL = YES;
				CLANG_ANALYZER_NUMBER_OBJECT_CONVERSION = YES_AGGRESSIVE;
				CLANG_CXX_LANGUAGE_STANDARD = "gnu++14";
				CLANG_CXX_LIBRARY = "libc++";
				CLANG_ENABLE_MODULES = YES;
				CLANG_ENABLE_OBJC_ARC = YES;
				CLANG_ENABLE_OBJC_WEAK = YES;
				CLANG_WARN_BLOCK_CAPTURE_AUTORELEASING = YES;
				CLANG_WARN_BOOL_CONVERSION = YES;
				CLANG_WARN_COMMA = YES;
				CLANG_WARN_CONSTANT_CONVERSION = YES;
				CLANG_WARN_DEPRECATED_OBJC_IMPLEMENTATIONS = YES;
				CLANG_WARN_DIRECT_OBJC_ISA_USAGE = YES_ERROR;
				CLANG_WARN_DOCUMENTATION_COMMENTS = YES;
				CLANG_WARN_EMPTY_BODY = YES;
				CLANG_WARN_ENUM_CONVERSION = YES;
				CLANG_WARN_INFINITE_RECURSION = YES;
				CLANG_WARN_INT_CONVERSION = YES;
				CLANG_WARN_NON_LITERAL_NULL_CONVERSION = YES;
				CLANG_WARN_OBJC_IMPLICIT_RETAIN_SELF = YES;
				CLANG_WARN_OBJC_LITERAL_CONVERSION = YES;
				CLANG_WARN_OBJC_ROOT_CLASS = YES_ERROR;
				CLANG_WARN_RANGE_LOOP_ANALYSIS = YES;
				CLANG_WARN_STRICT_PROTOTYPES = YES;
				CLANG_WARN_SUSPICIOUS_MOVE = YES;
				CLANG_WARN_UNGUARDED_AVAILABILITY = YES_AGGRESSIVE;
				CLANG_WARN_UNREACHABLE_CODE = YES;
				CLANG_WARN__DUPLICATE_METHOD_MATCH = YES;
				CODE_SIGN_IDENTITY = "iPhone Developer";
				COPY_PHASE_STRIP = NO;
				DEBUG_INFORMATION_FORMAT = dwarf;
				ENABLE_STRICT_OBJC_MSGSEND = YES;
				ENABLE_TESTABILITY = YES;
				GCC_C_LANGUAGE_STANDARD = gnu11;
				GCC_DYNAMIC_NO_PIC = NO;
				GCC_NO_COMMON_BLOCKS = YES;
				GCC_OPTIMIZATION_LEVEL = 0;
				GCC_PREPROCESSOR_DEFINITIONS = (
					"DEBUG=1",
					"$(inherited)",
				);
				GCC_WARN_64_TO_32_BIT_CONVERSION = YES;
				GCC_WARN_ABOUT_RETURN_TYPE = YES_ERROR;
				GCC_WARN_UNDECLARED_SELECTOR = YES;
				GCC_WARN_UNINITIALIZED_AUTOS = YES_AGGRESSIVE;
				GCC_WARN_UNUSED_FUNCTION = YES;
				GCC_WARN_UNUSED_VARIABLE = YES;
				IPHONEOS_DEPLOYMENT_TARGET = 12.2;
				MTL_ENABLE_DEBUG_INFO = INCLUDE_SOURCE;
				MTL_FAST_MATH = YES;
				ONLY_ACTIVE_ARCH = YES;
				SDKROOT = iphoneos;
				SWIFT_ACTIVE_COMPILATION_CONDITIONS = DEBUG;
				SWIFT_OPTIMIZATION_LEVEL = "-Onone";
			};
			name = Debug;
		};
		8D0A712322FC02AC006B8A68 /* Release */ = {
			isa = XCBuildConfiguration;
			buildSettings = {
				ALWAYS_SEARCH_USER_PATHS = NO;
				CLANG_ANALYZER_NONNULL = YES;
				CLANG_ANALYZER_NUMBER_OBJECT_CONVERSION = YES_AGGRESSIVE;
				CLANG_CXX_LANGUAGE_STANDARD = "gnu++14";
				CLANG_CXX_LIBRARY = "libc++";
				CLANG_ENABLE_MODULES = YES;
				CLANG_ENABLE_OBJC_ARC = YES;
				CLANG_ENABLE_OBJC_WEAK = YES;
				CLANG_WARN_BLOCK_CAPTURE_AUTORELEASING = YES;
				CLANG_WARN_BOOL_CONVERSION = YES;
				CLANG_WARN_COMMA = YES;
				CLANG_WARN_CONSTANT_CONVERSION = YES;
				CLANG_WARN_DEPRECATED_OBJC_IMPLEMENTATIONS = YES;
				CLANG_WARN_DIRECT_OBJC_ISA_USAGE = YES_ERROR;
				CLANG_WARN_DOCUMENTATION_COMMENTS = YES;
				CLANG_WARN_EMPTY_BODY = YES;
				CLANG_WARN_ENUM_CONVERSION = YES;
				CLANG_WARN_INFINITE_RECURSION = YES;
				CLANG_WARN_INT_CONVERSION = YES;
				CLANG_WARN_NON_LITERAL_NULL_CONVERSION = YES;
				CLANG_WARN_OBJC_IMPLICIT_RETAIN_SELF = YES;
				CLANG_WARN_OBJC_LITERAL_CONVERSION = YES;
				CLANG_WARN_OBJC_ROOT_CLASS = YES_ERROR;
				CLANG_WARN_RANGE_LOOP_ANALYSIS = YES;
				CLANG_WARN_STRICT_PROTOTYPES = YES;
				CLANG_WARN_SUSPICIOUS_MOVE = YES;
				CLANG_WARN_UNGUARDED_AVAILABILITY = YES_AGGRESSIVE;
				CLANG_WARN_UNREACHABLE_CODE = YES;
				CLANG_WARN__DUPLICATE_METHOD_MATCH = YES;
				CODE_SIGN_IDENTITY = "iPhone Developer";
				COPY_PHASE_STRIP = NO;
				DEBUG_INFORMATION_FORMAT = "dwarf-with-dsym";
				ENABLE_NS_ASSERTIONS = NO;
				ENABLE_STRICT_OBJC_MSGSEND = YES;
				GCC_C_LANGUAGE_STANDARD = gnu11;
				GCC_NO_COMMON_BLOCKS = YES;
				GCC_WARN_64_TO_32_BIT_CONVERSION = YES;
				GCC_WARN_ABOUT_RETURN_TYPE = YES_ERROR;
				GCC_WARN_UNDECLARED_SELECTOR = YES;
				GCC_WARN_UNINITIALIZED_AUTOS = YES_AGGRESSIVE;
				GCC_WARN_UNUSED_FUNCTION = YES;
				GCC_WARN_UNUSED_VARIABLE = YES;
				IPHONEOS_DEPLOYMENT_TARGET = 12.2;
				MTL_ENABLE_DEBUG_INFO = NO;
				MTL_FAST_MATH = YES;
				SDKROOT = iphoneos;
				SWIFT_COMPILATION_MODE = wholemodule;
				SWIFT_OPTIMIZATION_LEVEL = "-O";
				VALIDATE_PRODUCT = YES;
			};
			name = Release;
		};
		8D0A712522FC02AC006B8A68 /* Debug */ = {
			isa = XCBuildConfiguration;
			buildSettings = {
				ASSETCATALOG_COMPILER_APPICON_NAME = AppIcon;
				CODE_SIGN_STYLE = Automatic;
				INFOPLIST_FILE = RandomJoke1/Info.plist;
				LD_RUNPATH_SEARCH_PATHS = (
					"$(inherited)",
					"@executable_path/Frameworks",
				);
				PRODUCT_BUNDLE_IDENTIFIER = com.test.RandomJoke1;
				PRODUCT_NAME = "$(TARGET_NAME)";
				SWIFT_VERSION = 5.0;
				TARGETED_DEVICE_FAMILY = "1,2";
			};
			name = Debug;
		};
		8D0A712622FC02AC006B8A68 /* Release */ = {
			isa = XCBuildConfiguration;
			buildSettings = {
				ASSETCATALOG_COMPILER_APPICON_NAME = AppIcon;
				CODE_SIGN_STYLE = Automatic;
				INFOPLIST_FILE = RandomJoke1/Info.plist;
				LD_RUNPATH_SEARCH_PATHS = (
					"$(inherited)",
					"@executable_path/Frameworks",
				);
				PRODUCT_BUNDLE_IDENTIFIER = com.test.RandomJoke1;
				PRODUCT_NAME = "$(TARGET_NAME)";
				SWIFT_VERSION = 5.0;
				TARGETED_DEVICE_FAMILY = "1,2";
			};
			name = Release;
		};
		8D0A712822FC02AC006B8A68 /* Debug */ = {
			isa = XCBuildConfiguration;
			buildSettings = {
				ALWAYS_EMBED_SWIFT_STANDARD_LIBRARIES = YES;
				BUNDLE_LOADER = "$(TEST_HOST)";
				CODE_SIGN_STYLE = Automatic;
				INFOPLIST_FILE = RandomJoke1Tests/Info.plist;
				LD_RUNPATH_SEARCH_PATHS = (
					"$(inherited)",
					"@executable_path/Frameworks",
					"@loader_path/Frameworks",
				);
				PRODUCT_BUNDLE_IDENTIFIER = com.test.RandomJoke1Tests;
				PRODUCT_NAME = "$(TARGET_NAME)";
				SWIFT_VERSION = 5.0;
				TARGETED_DEVICE_FAMILY = "1,2";
				TEST_HOST = "$(BUILT_PRODUCTS_DIR)/RandomJoke1.app/RandomJoke1";
			};
			name = Debug;
		};
		8D0A712922FC02AC006B8A68 /* Release */ = {
			isa = XCBuildConfiguration;
			buildSettings = {
				ALWAYS_EMBED_SWIFT_STANDARD_LIBRARIES = YES;
				BUNDLE_LOADER = "$(TEST_HOST)";
				CODE_SIGN_STYLE = Automatic;
				INFOPLIST_FILE = RandomJoke1Tests/Info.plist;
				LD_RUNPATH_SEARCH_PATHS = (
					"$(inherited)",
					"@executable_path/Frameworks",
					"@loader_path/Frameworks",
				);
				PRODUCT_BUNDLE_IDENTIFIER = com.test.RandomJoke1Tests;
				PRODUCT_NAME = "$(TARGET_NAME)";
				SWIFT_VERSION = 5.0;
				TARGETED_DEVICE_FAMILY = "1,2";
				TEST_HOST = "$(BUILT_PRODUCTS_DIR)/RandomJoke1.app/RandomJoke1";
			};
			name = Release;
		};
		8D0A712B22FC02AC006B8A68 /* Debug */ = {
			isa = XCBuildConfiguration;
			buildSettings = {
				ALWAYS_EMBED_SWIFT_STANDARD_LIBRARIES = YES;
				CODE_SIGN_STYLE = Automatic;
				INFOPLIST_FILE = RandomJoke1UITests/Info.plist;
				LD_RUNPATH_SEARCH_PATHS = (
					"$(inherited)",
					"@executable_path/Frameworks",
					"@loader_path/Frameworks",
				);
				PRODUCT_BUNDLE_IDENTIFIER = com.test.RandomJoke1UITests;
				PRODUCT_NAME = "$(TARGET_NAME)";
				SWIFT_VERSION = 5.0;
				TARGETED_DEVICE_FAMILY = "1,2";
				TEST_TARGET_NAME = RandomJoke1;
			};
			name = Debug;
		};
		8D0A712C22FC02AC006B8A68 /* Release */ = {
			isa = XCBuildConfiguration;
			buildSettings = {
				ALWAYS_EMBED_SWIFT_STANDARD_LIBRARIES = YES;
				CODE_SIGN_STYLE = Automatic;
				INFOPLIST_FILE = RandomJoke1UITests/Info.plist;
				LD_RUNPATH_SEARCH_PATHS = (
					"$(inherited)",
					"@executable_path/Frameworks",
					"@loader_path/Frameworks",
				);
				PRODUCT_BUNDLE_IDENTIFIER = com.test.RandomJoke1UITests;
				PRODUCT_NAME = "$(TARGET_NAME)";
				SWIFT_VERSION = 5.0;
				TARGETED_DEVICE_FAMILY = "1,2";
				TEST_TARGET_NAME = RandomJoke1;
			};
			name = Release;
		};
/* End XCBuildConfiguration section */

/* Begin XCConfigurationList section */
		8D0A70F722FC02AC006B8A68 /* Build configuration list for PBXProject "RandomJoke1" */ = {
			isa = XCConfigurationList;
			buildConfigurations = (
				8D0A712222FC02AC006B8A68 /* Debug */,
				8D0A712322FC02AC006B8A68 /* Release */,
			);
			defaultConfigurationIsVisible = 0;
			defaultConfigurationName = Release;
		};
		8D0A712422FC02AC006B8A68 /* Build configuration list for PBXNativeTarget "RandomJoke1" */ = {
			isa = XCConfigurationList;
			buildConfigurations = (
				8D0A712522FC02AC006B8A68 /* Debug */,
				8D0A712622FC02AC006B8A68 /* Release */,
			);
			defaultConfigurationIsVisible = 0;
			defaultConfigurationName = Release;
		};
		8D0A712722FC02AC006B8A68 /* Build configuration list for PBXNativeTarget "RandomJoke1Tests" */ = {
			isa = XCConfigurationList;
			buildConfigurations = (
				8D0A712822FC02AC006B8A68 /* Debug */,
				8D0A712922FC02AC006B8A68 /* Release */,
			);
			defaultConfigurationIsVisible = 0;
			defaultConfigurationName = Release;
		};
		8D0A712A22FC02AC006B8A68 /* Build configuration list for PBXNativeTarget "RandomJoke1UITests" */ = {
			isa = XCConfigurationList;
			buildConfigurations = (
				8D0A712B22FC02AC006B8A68 /* Debug */,
				8D0A712C22FC02AC006B8A68 /* Release */,
			);
			defaultConfigurationIsVisible = 0;
			defaultConfigurationName = Release;
		};
/* End XCConfigurationList section */
	};
	rootObject = 8D0A70F422FC02AC006B8A68 /* Project object */;
}
